
Microsoft Visual Studio Solution File, Format Version 12.00
# Visual Studio Version 17
VisualStudioVersion = 17.8.34322.80
MinimumVisualStudioVersion = 10.0.40219.1
Project("{FAE04EC0-301F-11D3-BF4B-00C04F79EFBC}") = "QQChatWeb3", "QQChatWeb3.csproj", "{24AF78D4-44C6-4C34-88CE-73DF9DB15065}"
EndProject
Global
	GlobalSection(SolutionConfigurationPlatforms) = preSolution
		Debug|Any CPU = Debug|Any CPU
		Release|Any CPU = Release|Any CPU
	EndGlobalSection
	GlobalSection(ProjectConfigurationPlatforms) = postSolution
		{24AF78D4-44C6-4C34-88CE-73DF9DB15065}.Debug|Any CPU.ActiveCfg = Debug|Any CPU
		{24AF78D4-44C6-4C34-88CE-73DF9DB15065}.Debug|Any CPU.Build.0 = Debug|Any CPU
		{24AF78D4-44C6-4C34-88CE-73DF9DB15065}.Release|Any CPU.ActiveCfg = Release|Any CPU
		{24AF78D4-44C6-4C34-88CE-73DF9DB15065}.Release|Any CPU.Build.0 = Release|Any CPU
	EndGlobalSection
	GlobalSection(SolutionProperties) = preSolution
		HideSolutionNode = FALSE
	EndGlobalSection
	GlobalSection(ExtensibilityGlobals) = postSolution
		SolutionGuid = {5BD8586A-D564-4D50-B9E6-BD19FBDFF74C}
	EndGlobalSection
EndGlobal
